
Microsoft Visual Studio Solution File, Format Version 12.00
# Visual Studio Version 17
VisualStudioVersion = 17.6.33712.159
MinimumVisualStudioVersion = 10.0.40219.1
Project("{FAE04EC0-301F-11D3-BF4B-00C04F79EFBC}") = "welocmescreen", "welocmescreen\welocmescreen.csproj", "{DA654F27-BC7C-4B17-AD8B-4C31CC5D8370}"
EndProject
Global
	GlobalSection(SolutionConfigurationPlatforms) = preSolution
		Debug|Any CPU = Debug|Any CPU
		Release|Any CPU = Release|Any CPU
	EndGlobalSection
	GlobalSection(ProjectConfigurationPlatforms) = postSolution
		{DA654F27-BC7C-4B17-AD8B-4C31CC5D8370}.Debug|Any CPU.ActiveCfg = Debug|Any CPU
		{DA654F27-BC7C-4B17-AD8B-4C31CC5D8370}.Debug|Any CPU.Build.0 = Debug|Any CPU
		{DA654F27-BC7C-4B17-AD8B-4C31CC5D8370}.Release|Any CPU.ActiveCfg = Release|Any CPU
		{DA654F27-BC7C-4B17-AD8B-4C31CC5D8370}.Release|Any CPU.Build.0 = Release|Any CPU
	EndGlobalSection
	GlobalSection(SolutionProperties) = preSolution
		HideSolutionNode = FALSE
	EndGlobalSection
	GlobalSection(ExtensibilityGlobals) = postSolution
		SolutionGuid = {3AD019EA-9869-472E-A975-261F19DAB780}
	EndGlobalSection
EndGlobal
